// !$*UTF8*$!
{
	archiveVersion = 1;
	classes = {
	};
	objectVersion = 46;
	objects = {

/* Begin PBXBuildFile section */
		0D83134C181AE56F009FCD52 /* AudioController.m in Sources */ = {isa = PBXBuildFile; fileRef = 0D831347181AE56F009FCD52 /* AudioController.m */; };
		0D83134D181AE56F009FCD52 /* PitchDetector.m in Sources */ = {isa = PBXBuildFile; fileRef = 0D831349181AE56F009FCD52 /* PitchDetector.m */; };
		0D83134E181AE56F009FCD52 /* TPCircularBuffer.c in Sources */ = {isa = PBXBuildFile; fileRef = 0D83134A181AE56F009FCD52 /* TPCircularBuffer.c */; };
		0D831350181AE58E009FCD52 /* Accelerate.framework in Frameworks */ = {isa = PBXBuildFile; fileRef = 0D83134F181AE58E009FCD52 /* Accelerate.framework */; };
		0D831352181AE59D009FCD52 /* AudioToolbox.framework in Frameworks */ = {isa = PBXBuildFile; fileRef = 0D831351181AE59D009FCD52 /* AudioToolbox.framework */; };
		F98A1ABD181956180051CF8B /* mixerSound.m in Sources */ = {isa = PBXBuildFile; fileRef = F98A1ABA181956180051CF8B /* mixerSound.m */; };
		F98A1AC1181A87430051CF8B /* Papel pautado.png in Resources */ = {isa = PBXBuildFile; fileRef = F98A1ABF181A87430051CF8B /* Papel pautado.png */; };
		F98A1ACB181A8B610051CF8B /* cortado.png in Resources */ = {isa = PBXBuildFile; fileRef = F98A1ACA181A8B610051CF8B /* cortado.png */; };
		F9D3897D1818277F009389F8 /* Foundation.framework in Frameworks */ = {isa = PBXBuildFile; fileRef = F9D3897C1818277F009389F8 /* Foundation.framework */; };
		F9D3897F1818277F009389F8 /* CoreGraphics.framework in Frameworks */ = {isa = PBXBuildFile; fileRef = F9D3897E1818277F009389F8 /* CoreGraphics.framework */; };
		F9D389811818277F009389F8 /* UIKit.framework in Frameworks */ = {isa = PBXBuildFile; fileRef = F9D389801818277F009389F8 /* UIKit.framework */; };
		F9D389871818277F009389F8 /* InfoPlist.strings in Resources */ = {isa = PBXBuildFile; fileRef = F9D389851818277F009389F8 /* InfoPlist.strings */; };
		F9D389891818277F009389F8 /* main.m in Sources */ = {isa = PBXBuildFile; fileRef = F9D389881818277F009389F8 /* main.m */; };
		F9D3898D1818277F009389F8 /* AppDelegate.m in Sources */ = {isa = PBXBuildFile; fileRef = F9D3898C1818277F009389F8 /* AppDelegate.m */; };
		F9D389901818277F009389F8 /* Main.storyboard in Resources */ = {isa = PBXBuildFile; fileRef = F9D3898E1818277F009389F8 /* Main.storyboard */; };
		F9D389931818277F009389F8 /* ViewController.m in Sources */ = {isa = PBXBuildFile; fileRef = F9D389921818277F009389F8 /* ViewController.m */; };
		F9D389951818277F009389F8 /* Images.xcassets in Resources */ = {isa = PBXBuildFile; fileRef = F9D389941818277F009389F8 /* Images.xcassets */; };
		F9D3899C1818277F009389F8 /* XCTest.framework in Frameworks */ = {isa = PBXBuildFile; fileRef = F9D3899B1818277F009389F8 /* XCTest.framework */; };
		F9D3899D1818277F009389F8 /* Foundation.framework in Frameworks */ = {isa = PBXBuildFile; fileRef = F9D3897C1818277F009389F8 /* Foundation.framework */; };
		F9D3899E1818277F009389F8 /* UIKit.framework in Frameworks */ = {isa = PBXBuildFile; fileRef = F9D389801818277F009389F8 /* UIKit.framework */; };
		F9D389A61818277F009389F8 /* InfoPlist.strings in Resources */ = {isa = PBXBuildFile; fileRef = F9D389A41818277F009389F8 /* InfoPlist.strings */; };
		F9D389A818182780009389F8 /* TesteGithubTests.m in Sources */ = {isa = PBXBuildFile; fileRef = F9D389A718182780009389F8 /* TesteGithubTests.m */; };
/* End PBXBuildFile section */

/* Begin PBXContainerItemProxy section */
		F9D3899F1818277F009389F8 /* PBXContainerItemProxy */ = {
			isa = PBXContainerItemProxy;
			containerPortal = F9D389711818277F009389F8 /* Project object */;
			proxyType = 1;
			remoteGlobalIDString = F9D389781818277F009389F8;
			remoteInfo = TesteGithub;
		};
/* End PBXContainerItemProxy section */

/* Begin PBXFileReference section */
		0D831346181AE56F009FCD52 /* AudioController.h */ = {isa = PBXFileReference; fileEncoding = 4; lastKnownFileType = sourcecode.c.h; name = AudioController.h; path = "../../../../Downloads/PitchDetectorExample-master/PitchDetectorExample/AudioController.h"; sourceTree = "<group>"; };
		0D831347181AE56F009FCD52 /* AudioController.m */ = {isa = PBXFileReference; fileEncoding = 4; lastKnownFileType = sourcecode.c.objc; name = AudioController.m; path = "../../../../Downloads/PitchDetectorExample-master/PitchDetectorExample/AudioController.m"; sourceTree = "<group>"; };
		0D831348181AE56F009FCD52 /* PitchDetector.h */ = {isa = PBXFileReference; fileEncoding = 4; lastKnownFileType = sourcecode.c.h; name = PitchDetector.h; path = "../../../../Downloads/PitchDetectorExample-master/PitchDetectorExample/PitchDetector.h"; sourceTree = "<group>"; };
		0D831349181AE56F009FCD52 /* PitchDetector.m */ = {isa = PBXFileReference; fileEncoding = 4; lastKnownFileType = sourcecode.c.objc; name = PitchDetector.m; path = "../../../../Downloads/PitchDetectorExample-master/PitchDetectorExample/PitchDetector.m"; sourceTree = "<group>"; };
		0D83134A181AE56F009FCD52 /* TPCircularBuffer.c */ = {isa = PBXFileReference; fileEncoding = 4; lastKnownFileType = sourcecode.c.c; name = TPCircularBuffer.c; path = "../../../../Downloads/PitchDetectorExample-master/PitchDetectorExample/TPCircularBuffer.c"; sourceTree = "<group>"; };
		0D83134B181AE56F009FCD52 /* TPCircularBuffer.h */ = {isa = PBXFileReference; fileEncoding = 4; lastKnownFileType = sourcecode.c.h; name = TPCircularBuffer.h; path = "../../../../Downloads/PitchDetectorExample-master/PitchDetectorExample/TPCircularBuffer.h"; sourceTree = "<group>"; };
		0D83134F181AE58E009FCD52 /* Accelerate.framework */ = {isa = PBXFileReference; lastKnownFileType = wrapper.framework; name = Accelerate.framework; path = System/Library/Frameworks/Accelerate.framework; sourceTree = SDKROOT; };
		0D831351181AE59D009FCD52 /* AudioToolbox.framework */ = {isa = PBXFileReference; lastKnownFileType = wrapper.framework; name = AudioToolbox.framework; path = System/Library/Frameworks/AudioToolbox.framework; sourceTree = SDKROOT; };
		F98A1AB9181956180051CF8B /* mixerSound.h */ = {isa = PBXFileReference; fileEncoding = 4; lastKnownFileType = sourcecode.c.h; path = mixerSound.h; sourceTree = "<group>"; };
		F98A1ABA181956180051CF8B /* mixerSound.m */ = {isa = PBXFileReference; fileEncoding = 4; lastKnownFileType = sourcecode.c.objc; path = mixerSound.m; sourceTree = "<group>"; };
		F98A1ABF181A87430051CF8B /* Papel pautado.png */ = {isa = PBXFileReference; lastKnownFileType = image.png; path = "Papel pautado.png"; sourceTree = "<group>"; };
		F98A1ACA181A8B610051CF8B /* cortado.png */ = {isa = PBXFileReference; lastKnownFileType = image.png; path = cortado.png; sourceTree = "<group>"; };
		F9D389791818277F009389F8 /* TesteGithub.app */ = {isa = PBXFileReference; explicitFileType = wrapper.application; includeInIndex = 0; path = TesteGithub.app; sourceTree = BUILT_PRODUCTS_DIR; };
		F9D3897C1818277F009389F8 /* Foundation.framework */ = {isa = PBXFileReference; lastKnownFileType = wrapper.framework; name = Foundation.framework; path = System/Library/Frameworks/Foundation.framework; sourceTree = SDKROOT; };
		F9D3897E1818277F009389F8 /* CoreGraphics.framework */ = {isa = PBXFileReference; lastKnownFileType = wrapper.framework; name = CoreGraphics.framework; path = System/Library/Frameworks/CoreGraphics.framework; sourceTree = SDKROOT; };
		F9D389801818277F009389F8 /* UIKit.framework */ = {isa = PBXFileReference; lastKnownFileType = wrapper.framework; name = UIKit.framework; path = System/Library/Frameworks/UIKit.framework; sourceTree = SDKROOT; };
		F9D389841818277F009389F8 /* TesteGithub-Info.plist */ = {isa = PBXFileReference; lastKnownFileType = text.plist.xml; path = "TesteGithub-Info.plist"; sourceTree = "<group>"; };
		F9D389861818277F009389F8 /* en */ = {isa = PBXFileReference; lastKnownFileType = text.plist.strings; name = en; path = en.lproj/InfoPlist.strings; sourceTree = "<group>"; };
		F9D389881818277F009389F8 /* main.m */ = {isa = PBXFileReference; lastKnownFileType = sourcecode.c.objc; path = main.m; sourceTree = "<group>"; };
		F9D3898A1818277F009389F8 /* TesteGithub-Prefix.pch */ = {isa = PBXFileReference; lastKnownFileType = sourcecode.c.h; path = "TesteGithub-Prefix.pch"; sourceTree = "<group>"; };
		F9D3898B1818277F009389F8 /* AppDelegate.h */ = {isa = PBXFileReference; lastKnownFileType = sourcecode.c.h; name = AppDelegate.h; path = TesteGithub/AppDelegate.h; sourceTree = "<group>"; };
		F9D3898C1818277F009389F8 /* AppDelegate.m */ = {isa = PBXFileReference; lastKnownFileType = sourcecode.c.objc; name = AppDelegate.m; path = TesteGithub/AppDelegate.m; sourceTree = "<group>"; };
		F9D3898F1818277F009389F8 /* Base */ = {isa = PBXFileReference; lastKnownFileType = file.storyboard; name = Base; path = Base.lproj/Main.storyboard; sourceTree = "<group>"; };
		F9D389911818277F009389F8 /* ViewController.h */ = {isa = PBXFileReference; lastKnownFileType = sourcecode.c.h; name = ViewController.h; path = TesteGithub/ViewController.h; sourceTree = "<group>"; };
		F9D389921818277F009389F8 /* ViewController.m */ = {isa = PBXFileReference; lastKnownFileType = sourcecode.c.objc; name = ViewController.m; path = TesteGithub/ViewController.m; sourceTree = "<group>"; };
		F9D389941818277F009389F8 /* Images.xcassets */ = {isa = PBXFileReference; lastKnownFileType = folder.assetcatalog; path = Images.xcassets; sourceTree = "<group>"; };
		F9D3899A1818277F009389F8 /* TesteGithubTests.xctest */ = {isa = PBXFileReference; explicitFileType = wrapper.cfbundle; includeInIndex = 0; path = TesteGithubTests.xctest; sourceTree = BUILT_PRODUCTS_DIR; };
		F9D3899B1818277F009389F8 /* XCTest.framework */ = {isa = PBXFileReference; lastKnownFileType = wrapper.framework; name = XCTest.framework; path = Library/Frameworks/XCTest.framework; sourceTree = DEVELOPER_DIR; };
		F9D389A31818277F009389F8 /* TesteGithubTests-Info.plist */ = {isa = PBXFileReference; lastKnownFileType = text.plist.xml; path = "TesteGithubTests-Info.plist"; sourceTree = "<group>"; };
		F9D389A51818277F009389F8 /* en */ = {isa = PBXFileReference; lastKnownFileType = text.plist.strings; name = en; path = en.lproj/InfoPlist.strings; sourceTree = "<group>"; };
		F9D389A718182780009389F8 /* TesteGithubTests.m */ = {isa = PBXFileReference; lastKnownFileType = sourcecode.c.objc; path = TesteGithubTests.m; sourceTree = "<group>"; };
/* End PBXFileReference section */

/* Begin PBXFrameworksBuildPhase section */
		F9D389761818277F009389F8 /* Frameworks */ = {
			isa = PBXFrameworksBuildPhase;
			buildActionMask = 2147483647;
			files = (
				0D831352181AE59D009FCD52 /* AudioToolbox.framework in Frameworks */,
				0D831350181AE58E009FCD52 /* Accelerate.framework in Frameworks */,
				F9D3897F1818277F009389F8 /* CoreGraphics.framework in Frameworks */,
				F9D389811818277F009389F8 /* UIKit.framework in Frameworks */,
				F9D3897D1818277F009389F8 /* Foundation.framework in Frameworks */,
			);
			runOnlyForDeploymentPostprocessing = 0;
		};
		F9D389971818277F009389F8 /* Frameworks */ = {
			isa = PBXFrameworksBuildPhase;
			buildActionMask = 2147483647;
			files = (
				F9D3899C1818277F009389F8 /* XCTest.framework in Frameworks */,
				F9D3899E1818277F009389F8 /* UIKit.framework in Frameworks */,
				F9D3899D1818277F009389F8 /* Foundation.framework in Frameworks */,
			);
			runOnlyForDeploymentPostprocessing = 0;
		};
/* End PBXFrameworksBuildPhase section */

/* Begin PBXGroup section */
		F98A1AC3181A89110051CF8B /* Images */ = {
			isa = PBXGroup;
			children = (
				F98A1ACA181A8B610051CF8B /* cortado.png */,
			);
			path = Images;
			sourceTree = "<group>";
		};
		F9D389701818277F009389F8 = {
			isa = PBXGroup;
			children = (
				0D831346181AE56F009FCD52 /* AudioController.h */,
				0D831347181AE56F009FCD52 /* AudioController.m */,
				0D831348181AE56F009FCD52 /* PitchDetector.h */,
				0D831349181AE56F009FCD52 /* PitchDetector.m */,
				0D83134A181AE56F009FCD52 /* TPCircularBuffer.c */,
				0D83134B181AE56F009FCD52 /* TPCircularBuffer.h */,
				F9D3898B1818277F009389F8 /* AppDelegate.h */,
				F9D3898C1818277F009389F8 /* AppDelegate.m */,
				F9D3898E1818277F009389F8 /* Main.storyboard */,
				F9D389911818277F009389F8 /* ViewController.h */,
				F9D389921818277F009389F8 /* ViewController.m */,
				F98A1AB9181956180051CF8B /* mixerSound.h */,
				F98A1ABA181956180051CF8B /* mixerSound.m */,
				F9D389821818277F009389F8 /* TesteGithub */,
				F9D389A11818277F009389F8 /* TesteGithubTests */,
				F9D3897B1818277F009389F8 /* Frameworks */,
				F9D3897A1818277F009389F8 /* Products */,
			);
			sourceTree = "<group>";
		};
		F9D3897A1818277F009389F8 /* Products */ = {
			isa = PBXGroup;
			children = (
				F9D389791818277F009389F8 /* TesteGithub.app */,
				F9D3899A1818277F009389F8 /* TesteGithubTests.xctest */,
			);
			name = Products;
			sourceTree = "<group>";
		};
		F9D3897B1818277F009389F8 /* Frameworks */ = {
			isa = PBXGroup;
			children = (
				0D831351181AE59D009FCD52 /* AudioToolbox.framework */,
				0D83134F181AE58E009FCD52 /* Accelerate.framework */,
				F9D3897C1818277F009389F8 /* Foundation.framework */,
				F9D3897E1818277F009389F8 /* CoreGraphics.framework */,
				F9D389801818277F009389F8 /* UIKit.framework */,
				F9D3899B1818277F009389F8 /* XCTest.framework */,
			);
			name = Frameworks;
			sourceTree = "<group>";
		};
		F9D389821818277F009389F8 /* TesteGithub */ = {
			isa = PBXGroup;
			children = (
				F98A1AC3181A89110051CF8B /* Images */,
				F98A1ABF181A87430051CF8B /* Papel pautado.png */,
				F9D389941818277F009389F8 /* Images.xcassets */,
				F9D389831818277F009389F8 /* Supporting Files */,
			);
			path = TesteGithub;
			sourceTree = "<group>";
		};
		F9D389831818277F009389F8 /* Supporting Files */ = {
			isa = PBXGroup;
			children = (
				F9D389841818277F009389F8 /* TesteGithub-Info.plist */,
				F9D389851818277F009389F8 /* InfoPlist.strings */,
				F9D389881818277F009389F8 /* main.m */,
				F9D3898A1818277F009389F8 /* TesteGithub-Prefix.pch */,
			);
			name = "Supporting Files";
			sourceTree = "<group>";
		};
		F9D389A11818277F009389F8 /* TesteGithubTests */ = {
			isa = PBXGroup;
			children = (
				F9D389A718182780009389F8 /* TesteGithubTests.m */,
				F9D389A21818277F009389F8 /* Supporting Files */,
			);
			path = TesteGithubTests;
			sourceTree = "<group>";
		};
		F9D389A21818277F009389F8 /* Supporting Files */ = {
			isa = PBXGroup;
			children = (
				F9D389A31818277F009389F8 /* TesteGithubTests-Info.plist */,
				F9D389A41818277F009389F8 /* InfoPlist.strings */,
			);
			name = "Supporting Files";
			sourceTree = "<group>";
		};
/* End PBXGroup section */

/* Begin PBXNativeTarget section */
		F9D389781818277F009389F8 /* TesteGithub */ = {
			isa = PBXNativeTarget;
			buildConfigurationList = F9D389AB18182780009389F8 /* Build configuration list for PBXNativeTarget "TesteGithub" */;
			buildPhases = (
				F9D389751818277F009389F8 /* Sources */,
				F9D389761818277F009389F8 /* Frameworks */,
				F9D389771818277F009389F8 /* Resources */,
			);
			buildRules = (
			);
			dependencies = (
			);
			name = TesteGithub;
			productName = TesteGithub;
			productReference = F9D389791818277F009389F8 /* TesteGithub.app */;
			productType = "com.apple.product-type.application";
		};
		F9D389991818277F009389F8 /* TesteGithubTests */ = {
			isa = PBXNativeTarget;
			buildConfigurationList = F9D389AE18182780009389F8 /* Build configuration list for PBXNativeTarget "TesteGithubTests" */;
			buildPhases = (
				F9D389961818277F009389F8 /* Sources */,
				F9D389971818277F009389F8 /* Frameworks */,
				F9D389981818277F009389F8 /* Resources */,
			);
			buildRules = (
			);
			dependencies = (
				F9D389A01818277F009389F8 /* PBXTargetDependency */,
			);
			name = TesteGithubTests;
			productName = TesteGithubTests;
			productReference = F9D3899A1818277F009389F8 /* TesteGithubTests.xctest */;
			productType = "com.apple.product-type.bundle.unit-test";
		};
/* End PBXNativeTarget section */

/* Begin PBXProject section */
		F9D389711818277F009389F8 /* Project object */ = {
			isa = PBXProject;
			attributes = {
				LastUpgradeCheck = 0500;
				ORGANIZATIONNAME = "Bruno Vargas";
				TargetAttributes = {
					F9D389991818277F009389F8 = {
						TestTargetID = F9D389781818277F009389F8;
					};
				};
			};
			buildConfigurationList = F9D389741818277F009389F8 /* Build configuration list for PBXProject "TesteGithub" */;
			compatibilityVersion = "Xcode 3.2";
			developmentRegion = English;
			hasScannedForEncodings = 0;
			knownRegions = (
				en,
				Base,
			);
			mainGroup = F9D389701818277F009389F8;
			productRefGroup = F9D3897A1818277F009389F8 /* Products */;
			projectDirPath = "";
			projectRoot = "";
			targets = (
				F9D389781818277F009389F8 /* TesteGithub */,
				F9D389991818277F009389F8 /* TesteGithubTests */,
			);
		};
/* End PBXProject section */

/* Begin PBXResourcesBuildPhase section */
		F9D389771818277F009389F8 /* Resources */ = {
			isa = PBXResourcesBuildPhase;
			buildActionMask = 2147483647;
			files = (
				F98A1AC1181A87430051CF8B /* Papel pautado.png in Resources */,
				F9D389951818277F009389F8 /* Images.xcassets in Resources */,
				F9D389871818277F009389F8 /* InfoPlist.strings in Resources */,
				F9D389901818277F009389F8 /* Main.storyboard in Resources */,
				F98A1ACB181A8B610051CF8B /* cortado.png in Resources */,
			);
			runOnlyForDeploymentPostprocessing = 0;
		};
		F9D389981818277F009389F8 /* Resources */ = {
			isa = PBXResourcesBuildPhase;
			buildActionMask = 2147483647;
			files = (
				F9D389A61818277F009389F8 /* InfoPlist.strings in Resources */,
			);
			runOnlyForDeploymentPostprocessing = 0;
		};
/* End PBXResourcesBuildPhase section */

/* Begin PBXSourcesBuildPhase section */
		F9D389751818277F009389F8 /* Sources */ = {
			isa = PBXSourcesBuildPhase;
			buildActionMask = 2147483647;
			files = (
				0D83134C181AE56F009FCD52 /* AudioController.m in Sources */,
				F9D389931818277F009389F8 /* ViewController.m in Sources */,
				F98A1ABD181956180051CF8B /* mixerSound.m in Sources */,
				F9D3898D1818277F009389F8 /* AppDelegate.m in Sources */,
				0D83134D181AE56F009FCD52 /* PitchDetector.m in Sources */,
				0D83134E181AE56F009FCD52 /* TPCircularBuffer.c in Sources */,
				F9D389891818277F009389F8 /* main.m in Sources */,
			);
			runOnlyForDeploymentPostprocessing = 0;
		};
		F9D389961818277F009389F8 /* Sources */ = {
			isa = PBXSourcesBuildPhase;
			buildActionMask = 2147483647;
			files = (
				F9D389A818182780009389F8 /* TesteGithubTests.m in Sources */,
			);
			runOnlyForDeploymentPostprocessing = 0;
		};
/* End PBXSourcesBuildPhase section */

/* Begin PBXTargetDependency section */
		F9D389A01818277F009389F8 /* PBXTargetDependency */ = {
			isa = PBXTargetDependency;
			target = F9D389781818277F009389F8 /* TesteGithub */;
			targetProxy = F9D3899F1818277F009389F8 /* PBXContainerItemProxy */;
		};
/* End PBXTargetDependency section */

/* Begin PBXVariantGroup section */
		F9D389851818277F009389F8 /* InfoPlist.strings */ = {
			isa = PBXVariantGroup;
			children = (
				F9D389861818277F009389F8 /* en */,
			);
			name = InfoPlist.strings;
			sourceTree = "<group>";
		};
		F9D3898E1818277F009389F8 /* Main.storyboard */ = {
			isa = PBXVariantGroup;
			children = (
				F9D3898F1818277F009389F8 /* Base */,
			);
			name = Main.storyboard;
			path = TesteGithub;
			sourceTree = "<group>";
		};
		F9D389A41818277F009389F8 /* InfoPlist.strings */ = {
			isa = PBXVariantGroup;
			children = (
				F9D389A51818277F009389F8 /* en */,
			);
			name = InfoPlist.strings;
			sourceTree = "<group>";
		};
/* End PBXVariantGroup section */

/* Begin XCBuildConfiguration section */
		F9D389A918182780009389F8 /* Debug */ = {
			isa = XCBuildConfiguration;
			buildSettings = {
				ALWAYS_SEARCH_USER_PATHS = NO;
				ARCHS = "$(ARCHS_STANDARD_INCLUDING_64_BIT)";
				CLANG_CXX_LANGUAGE_STANDARD = "gnu++0x";
				CLANG_CXX_LIBRARY = "libc++";
				CLANG_ENABLE_MODULES = YES;
				CLANG_ENABLE_OBJC_ARC = YES;
				CLANG_WARN_BOOL_CONVERSION = YES;
				CLANG_WARN_CONSTANT_CONVERSION = YES;
				CLANG_WARN_DIRECT_OBJC_ISA_USAGE = YES_ERROR;
				CLANG_WARN_EMPTY_BODY = YES;
				CLANG_WARN_ENUM_CONVERSION = YES;
				CLANG_WARN_INT_CONVERSION = YES;
				CLANG_WARN_OBJC_ROOT_CLASS = YES_ERROR;
				CLANG_WARN__DUPLICATE_METHOD_MATCH = YES;
				"CODE_SIGN_IDENTITY[sdk=iphoneos*]" = "iPhone Developer";
				COPY_PHASE_STRIP = NO;
				GCC_C_LANGUAGE_STANDARD = gnu99;
				GCC_DYNAMIC_NO_PIC = NO;
				GCC_OPTIMIZATION_LEVEL = 0;
				GCC_PREPROCESSOR_DEFINITIONS = (
					"DEBUG=1",
					"$(inherited)",
				);
				GCC_SYMBOLS_PRIVATE_EXTERN = NO;
				GCC_WARN_64_TO_32_BIT_CONVERSION = YES;
				GCC_WARN_ABOUT_RETURN_TYPE = YES_ERROR;
				GCC_WARN_UNDECLARED_SELECTOR = YES;
				GCC_WARN_UNINITIALIZED_AUTOS = YES;
				GCC_WARN_UNUSED_FUNCTION = YES;
				GCC_WARN_UNUSED_VARIABLE = YES;
				IPHONEOS_DEPLOYMENT_TARGET = 7.0;
				ONLY_ACTIVE_ARCH = YES;
				SDKROOT = iphoneos;
			};
			name = Debug;
		};
		F9D389AA18182780009389F8 /* Release */ = {
			isa = XCBuildConfiguration;
			buildSettings = {
				ALWAYS_SEARCH_USER_PATHS = NO;
				ARCHS = "$(ARCHS_STANDARD_INCLUDING_64_BIT)";
				CLANG_CXX_LANGUAGE_STANDARD = "gnu++0x";
				CLANG_CXX_LIBRARY = "libc++";
				CLANG_ENABLE_MODULES = YES;
				CLANG_ENABLE_OBJC_ARC = YES;
				CLANG_WARN_BOOL_CONVERSION = YES;
				CLANG_WARN_CONSTANT_CONVERSION = YES;
				CLANG_WARN_DIRECT_OBJC_ISA_USAGE = YES_ERROR;
				CLANG_WARN_EMPTY_BODY = YES;
				CLANG_WARN_ENUM_CONVERSION = YES;
				CLANG_WARN_INT_CONVERSION = YES;
				CLANG_WARN_OBJC_ROOT_CLASS = YES_ERROR;
				CLANG_WARN__DUPLICATE_METHOD_MATCH = YES;
				"CODE_SIGN_IDENTITY[sdk=iphoneos*]" = "iPhone Developer";
				COPY_PHASE_STRIP = YES;
				ENABLE_NS_ASSERTIONS = NO;
				GCC_C_LANGUAGE_STANDARD = gnu99;
				GCC_WARN_64_TO_32_BIT_CONVERSION = YES;
				GCC_WARN_ABOUT_RETURN_TYPE = YES_ERROR;
				GCC_WARN_UNDECLARED_SELECTOR = YES;
				GCC_WARN_UNINITIALIZED_AUTOS = YES;
				GCC_WARN_UNUSED_FUNCTION = YES;
				GCC_WARN_UNUSED_VARIABLE = YES;
				IPHONEOS_DEPLOYMENT_TARGET = 7.0;
				SDKROOT = iphoneos;
				VALIDATE_PRODUCT = YES;
			};
			name = Release;
		};
		F9D389AC18182780009389F8 /* Debug */ = {
			isa = XCBuildConfiguration;
			buildSettings = {
				ASSETCATALOG_COMPILER_APPICON_NAME = AppIcon;
				ASSETCATALOG_COMPILER_LAUNCHIMAGE_NAME = LaunchImage;
				GCC_PRECOMPILE_PREFIX_HEADER = YES;
				GCC_PREFIX_HEADER = "TesteGithub/TesteGithub-Prefix.pch";
				INFOPLIST_FILE = "TesteGithub/TesteGithub-Info.plist";
				PRODUCT_NAME = "$(TARGET_NAME)";
				WRAPPER_EXTENSION = app;
			};
			name = Debug;
		};
		F9D389AD18182780009389F8 /* Release */ = {
			isa = XCBuildConfiguration;
			buildSettings = {
				ASSETCATALOG_COMPILER_APPICON_NAME = AppIcon;
				ASSETCATALOG_COMPILER_LAUNCHIMAGE_NAME = LaunchImage;
				GCC_PRECOMPILE_PREFIX_HEADER = YES;
				GCC_PREFIX_HEADER = "TesteGithub/TesteGithub-Prefix.pch";
				INFOPLIST_FILE = "TesteGithub/TesteGithub-Info.plist";
				PRODUCT_NAME = "$(TARGET_NAME)";
				WRAPPER_EXTENSION = app;
			};
			name = Release;
		};
		F9D389AF18182780009389F8 /* Debug */ = {
			isa = XCBuildConfiguration;
			buildSettings = {
				ARCHS = "$(ARCHS_STANDARD_INCLUDING_64_BIT)";
				BUNDLE_LOADER = "$(BUILT_PRODUCTS_DIR)/TesteGithub.app/TesteGithub";
				FRAMEWORK_SEARCH_PATHS = (
					"$(SDKROOT)/Developer/Library/Frameworks",
					"$(inherited)",
					"$(DEVELOPER_FRAMEWORKS_DIR)",
				);
				GCC_PRECOMPILE_PREFIX_HEADER = YES;
				GCC_PREFIX_HEADER = "TesteGithub/TesteGithub-Prefix.pch";
				GCC_PREPROCESSOR_DEFINITIONS = (
					"DEBUG=1",
					"$(inherited)",
				);
				INFOPLIST_FILE = "TesteGithubTests/TesteGithubTests-Info.plist";
				PRODUCT_NAME = "$(TARGET_NAME)";
				TEST_HOST = "$(BUNDLE_LOADER)";
				WRAPPER_EXTENSION = xctest;
			};
			name = Debug;
		};
		F9D389B018182780009389F8 /* Release */ = {
			isa = XCBuildConfiguration;
			buildSettings = {
				ARCHS = "$(ARCHS_STANDARD_INCLUDING_64_BIT)";
				BUNDLE_LOADER = "$(BUILT_PRODUCTS_DIR)/TesteGithub.app/TesteGithub";
				FRAMEWORK_SEARCH_PATHS = (
					"$(SDKROOT)/Developer/Library/Frameworks",
					"$(inherited)",
					"$(DEVELOPER_FRAMEWORKS_DIR)",
				);
				GCC_PRECOMPILE_PREFIX_HEADER = YES;
				GCC_PREFIX_HEADER = "TesteGithub/TesteGithub-Prefix.pch";
				INFOPLIST_FILE = "TesteGithubTests/TesteGithubTests-Info.plist";
				PRODUCT_NAME = "$(TARGET_NAME)";
				TEST_HOST = "$(BUNDLE_LOADER)";
				WRAPPER_EXTENSION = xctest;
			};
			name = Release;
		};
/* End XCBuildConfiguration section */

/* Begin XCConfigurationList section */
		F9D389741818277F009389F8 /* Build configuration list for PBXProject "TesteGithub" */ = {
			isa = XCConfigurationList;
			buildConfigurations = (
				F9D389A918182780009389F8 /* Debug */,
				F9D389AA18182780009389F8 /* Release */,
			);
			defaultConfigurationIsVisible = 0;
			defaultConfigurationName = Release;
		};
		F9D389AB18182780009389F8 /* Build configuration list for PBXNativeTarget "TesteGithub" */ = {
			isa = XCConfigurationList;
			buildConfigurations = (
				F9D389AC18182780009389F8 /* Debug */,
				F9D389AD18182780009389F8 /* Release */,
			);
			defaultConfigurationIsVisible = 0;
			defaultConfigurationName = Release;
		};
		F9D389AE18182780009389F8 /* Build configuration list for PBXNativeTarget "TesteGithubTests" */ = {
			isa = XCConfigurationList;
			buildConfigurations = (
				F9D389AF18182780009389F8 /* Debug */,
				F9D389B018182780009389F8 /* Release */,
			);
			defaultConfigurationIsVisible = 0;
			defaultConfigurationName = Release;
		};
/* End XCConfigurationList section */
	};
	rootObject = F9D389711818277F009389F8 /* Project object */;
}
